// !$*UTF8*$!
{
	archiveVersion = 1;
	classes = {
	};
	objectVersion = 46;
	objects = {

/* Begin PBXBuildFile section */
		6FD1C1BFC37B32DE61136373 /* main.m in Sources */ = {isa = PBXBuildFile; fileRef = 6FD1C0C46979B15D83B044C5 /* main.m */; };
		6FD1C22243327F56365BDC76 /* AppDelegate.m in Sources */ = {isa = PBXBuildFile; fileRef = 6FD1CD8F8596E60E9EBE4C99 /* AppDelegate.m */; };
		6FD1C5298C63254AACD8250F /* LaunchScreen.storyboard in Resources */ = {isa = PBXBuildFile; fileRef = 6FD1CAAB73842D09046C3023 /* LaunchScreen.storyboard */; };
		6FD1C5672C62212D57D31D0C /* Main.storyboard in Resources */ = {isa = PBXBuildFile; fileRef = 6FD1C428872683506A098EDF /* Main.storyboard */; };
		6FD1CD07829B795BFC56F674 /* Assets.xcassets in Resources */ = {isa = PBXBuildFile; fileRef = 6FD1CAF729ABAE97992B80DA /* Assets.xcassets */; };
		6FD1CEB33CBEB70505F90522 /* ViewController.m in Sources */ = {isa = PBXBuildFile; fileRef = 6FD1CED8411463063B413F76 /* ViewController.m */; };
/* End PBXBuildFile section */

/* Begin PBXFileReference section */
		6FD1C0C46979B15D83B044C5 /* main.m */ = {isa = PBXFileReference; lastKnownFileType = sourcecode.c.objc; path = main.m; sourceTree = "<group>"; };
		6FD1C1BE9F88D0D079A0D93D /* Base */ = {isa = PBXFileReference; lastKnownFileType = file.storyboard; name = Base; path = Base.lproj/Main.storyboard; sourceTree = "<group>"; };
		6FD1C3644D5AE3E50F7A25F3 /* AppDelegate.h */ = {isa = PBXFileReference; lastKnownFileType = sourcecode.c.h; path = AppDelegate.h; sourceTree = "<group>"; };
		6FD1C3CAC00874875BEC6D26 /* Base */ = {isa = PBXFileReference; lastKnownFileType = file.storyboard; name = Base; path = Base.lproj/LaunchScreen.storyboard; sourceTree = "<group>"; };
		6FD1C54489C29B0D8079296B /* 3.2.app */ = {isa = PBXFileReference; explicitFileType = wrapper.application; includeInIndex = 0; path = 3.2.app; sourceTree = BUILT_PRODUCTS_DIR; };
		6FD1C99D03CD9C53DB66AC7E /* ViewController.h */ = {isa = PBXFileReference; lastKnownFileType = sourcecode.c.h; path = ViewController.h; sourceTree = "<group>"; };
		6FD1CAF729ABAE97992B80DA /* Assets.xcassets */ = {isa = PBXFileReference; lastKnownFileType = folder.assetcatalog; path = Assets.xcassets; sourceTree = "<group>"; };
		6FD1CC84F406A3ED69524E5B /* Info.plist */ = {isa = PBXFileReference; lastKnownFileType = text.plist.info; path = Info.plist; sourceTree = "<group>"; };
		6FD1CD8F8596E60E9EBE4C99 /* AppDelegate.m */ = {isa = PBXFileReference; lastKnownFileType = sourcecode.c.objc; path = AppDelegate.m; sourceTree = "<group>"; };
		6FD1CED8411463063B413F76 /* ViewController.m */ = {isa = PBXFileReference; lastKnownFileType = sourcecode.c.objc; path = ViewController.m; sourceTree = "<group>"; };
/* End PBXFileReference section */

/* Begin PBXFrameworksBuildPhase section */
		6FD1C825791147BB363E4BEE /* Frameworks */ = {
			isa = PBXFrameworksBuildPhase;
			buildActionMask = 2147483647;
			files = (
			);
			runOnlyForDeploymentPostprocessing = 0;
		};
/* End PBXFrameworksBuildPhase section */

/* Begin PBXGroup section */
		6FD1C67D65D9B09FA2F7572D = {
			isa = PBXGroup;
			children = (
				6FD1C7C96A78F484354C2A11 /* Products */,
				6FD1CC7DA2CE57FB0E2C96B1 /* 3.2 */,
			);
			sourceTree = "<group>";
		};
		6FD1C7C96A78F484354C2A11 /* Products */ = {
			isa = PBXGroup;
			children = (
				6FD1C54489C29B0D8079296B /* 3.2.app */,
			);
			name = Products;
			sourceTree = "<group>";
		};
		6FD1CC7DA2CE57FB0E2C96B1 /* 3.2 */ = {
			isa = PBXGroup;
			children = (
				6FD1CC84F406A3ED69524E5B /* Info.plist */,
				6FD1CAF729ABAE97992B80DA /* Assets.xcassets */,
				6FD1CAAB73842D09046C3023 /* LaunchScreen.storyboard */,
				6FD1C0C46979B15D83B044C5 /* main.m */,
				6FD1C3644D5AE3E50F7A25F3 /* AppDelegate.h */,
				6FD1CD8F8596E60E9EBE4C99 /* AppDelegate.m */,
				6FD1C428872683506A098EDF /* Main.storyboard */,
				6FD1C99D03CD9C53DB66AC7E /* ViewController.h */,
				6FD1CED8411463063B413F76 /* ViewController.m */,
			);
			path = 3.2;
			sourceTree = "<group>";
		};
/* End PBXGroup section */

/* Begin PBXNativeTarget section */
		6FD1C0D08D36F10996770113 /* 3.2 */ = {
			isa = PBXNativeTarget;
			buildConfigurationList = 6FD1C5D1C65D46070FB37DED /* Build configuration list for PBXNativeTarget "3.2" */;
			buildPhases = (
				6FD1C11D5D87AA60038FBAB9 /* Sources */,
				6FD1C825791147BB363E4BEE /* Frameworks */,
				6FD1C688AD1E5B90504892E5 /* Resources */,
			);
			buildRules = (
			);
			dependencies = (
			);
			name = 3.2;
			productName = 3.2;
			productReference = 6FD1C54489C29B0D8079296B /* 3.2.app */;
			productType = "com.apple.product-type.application";
		};
/* End PBXNativeTarget section */

/* Begin PBXProject section */
		6FD1C3ABEB554C172E7D5E90 /* Project object */ = {
			isa = PBXProject;
			attributes = {
				ORGANIZATIONNAME = ziheng;
			};
			buildConfigurationList = 6FD1C8730731A3515E0BF033 /* Build configuration list for PBXProject "3.2" */;
			compatibilityVersion = "Xcode 3.2";
			developmentRegion = English;
			hasScannedForEncodings = 0;
			knownRegions = (
				en,
			);
			mainGroup = 6FD1C67D65D9B09FA2F7572D;
			productRefGroup = 6FD1C7C96A78F484354C2A11 /* Products */;
			projectDirPath = "";
			projectRoot = "";
			targets = (
				6FD1C0D08D36F10996770113 /* 3.2 */,
			);
		};
/* End PBXProject section */

/* Begin PBXResourcesBuildPhase section */
		6FD1C688AD1E5B90504892E5 /* Resources */ = {
			isa = PBXResourcesBuildPhase;
			buildActionMask = 2147483647;
			files = (
				6FD1CD07829B795BFC56F674 /* Assets.xcassets in Resources */,
				6FD1C5298C63254AACD8250F /* LaunchScreen.storyboard in Resources */,
				6FD1C5672C62212D57D31D0C /* Main.storyboard in Resources */,
			);
			runOnlyForDeploymentPostprocessing = 0;
		};
/* End PBXResourcesBuildPhase section */

/* Begin PBXSourcesBuildPhase section */
		6FD1C11D5D87AA60038FBAB9 /* Sources */ = {
			isa = PBXSourcesBuildPhase;
			buildActionMask = 2147483647;
			files = (
				6FD1C1BFC37B32DE61136373 /* main.m in Sources */,
				6FD1C22243327F56365BDC76 /* AppDelegate.m in Sources */,
				6FD1CEB33CBEB70505F90522 /* ViewController.m in Sources */,
			);
			runOnlyForDeploymentPostprocessing = 0;
		};
/* End PBXSourcesBuildPhase section */

/* Begin PBXVariantGroup section */
		6FD1C428872683506A098EDF /* Main.storyboard */ = {
			isa = PBXVariantGroup;
			children = (
				6FD1C1BE9F88D0D079A0D93D /* Base */,
			);
			name = Main.storyboard;
			sourceTree = "<group>";
		};
		6FD1CAAB73842D09046C3023 /* LaunchScreen.storyboard */ = {
			isa = PBXVariantGroup;
			children = (
				6FD1C3CAC00874875BEC6D26 /* Base */,
			);
			name = LaunchScreen.storyboard;
			sourceTree = "<group>";
		};
/* End PBXVariantGroup section */

/* Begin XCBuildConfiguration section */
		6FD1C14B87EFCBC7DD16789F /* Release */ = {
			isa = XCBuildConfiguration;
			buildSettings = {
				ASSETCATALOG_COMPILER_APPICON_NAME = AppIcon;
				INFOPLIST_FILE = 3.2/Info.plist;
				LD_RUNPATH_SEARCH_PATHS = "$(inherited) @executable_path/Frameworks";
				PRODUCT_BUNDLE_IDENTIFIER = "com.ziheng.3-2";
				PRODUCT_NAME = "$(TARGET_NAME)";
				TARGETED_DEVICE_FAMILY = "1,2";
			};
			name = Release;
		};
		6FD1C5A1B974C26CE173CE47 /* Release */ = {
			isa = XCBuildConfiguration;
			buildSettings = {
				ALWAYS_SEARCH_USER_PATHS = NO;
				CLANG_ANALYZER_NONNULL = YES;
				CLANG_ANALYZER_NUMBER_OBJECT_CONVERSION = YES_AGGRESSIVE;
				CLANG_CXX_LANGUAGE_STANDARD = "gnu++14";
				CLANG_CXX_LIBRARY = "libc++";
				CLANG_ENABLE_MODULES = YES;
				CLANG_ENABLE_OBJC_ARC = YES;
				CLANG_ENABLE_OBJC_WEAK = YES;
				CLANG_WARN_BLOCK_CAPTURE_AUTORELEASING = YES;
				CLANG_WARN_BOOL_CONVERSION = YES;
				CLANG_WARN_COMMA = YES;
				CLANG_WARN_CONSTANT_CONVERSION = YES;
				CLANG_WARN_DEPRECATED_OBJC_IMPLEMENTATIONS = YES;
				CLANG_WARN_DIRECT_OBJC_ISA_USAGE = YES_ERROR;
				CLANG_WARN_DOCUMENTATION_COMMENTS = YES;
				CLANG_WARN_EMPTY_BODY = YES;
				CLANG_WARN_ENUM_CONVERSION = YES;
				CLANG_WARN_INFINITE_RECURSION = YES;
				CLANG_WARN_INT_CONVERSION = YES;
				CLANG_WARN_NON_LITERAL_NULL_CONVERSION = YES;
				CLANG_WARN_OBJC_IMPLICIT_RETAIN_SELF = YES;
				CLANG_WARN_OBJC_LITERAL_CONVERSION = YES;
				CLANG_WARN_OBJC_ROOT_CLASS = YES_ERROR;
				CLANG_WARN_RANGE_LOOP_ANALYSIS = YES;
				CLANG_WARN_STRICT_PROTOTYPES = YES;
				CLANG_WARN_SUSPICIOUS_MOVE = YES;
				CLANG_WARN_UNGUARDED_AVAILABILITY = YES_AGGRESSIVE;
				CLANG_WARN_UNREACHABLE_CODE = YES;
				CLANG_WARN__DUPLICATE_METHOD_MATCH = YES;
				CODE_SIGN_IDENTITY = "iPhone Developer";
				COPY_PHASE_STRIP = NO;
				DEBUG_INFORMATION_FORMAT = "dwarf-with-dsym";
				ENABLE_NS_ASSERTIONS = NO;
				ENABLE_STRICT_OBJC_MSGSEND = YES;
				GCC_C_LANGUAGE_STANDARD = gnu11;
				GCC_NO_COMMON_BLOCKS = YES;
				GCC_WARN_64_TO_32_BIT_CONVERSION = YES;
				GCC_WARN_ABOUT_RETURN_TYPE = YES_ERROR;
				GCC_WARN_UNDECLARED_SELECTOR = YES;
				GCC_WARN_UNINITIALIZED_AUTOS = YES_AGGRESSIVE;
				GCC_WARN_UNUSED_FUNCTION = YES;
				GCC_WARN_UNUSED_VARIABLE = YES;
				IPHONEOS_DEPLOYMENT_TARGET = 11.4;
				MTL_ENABLE_DEBUG_INFO = NO;
				SDKROOT = iphoneos;
				VALIDATE_PRODUCT = YES;
			};
			name = Release;
		};
		6FD1C79C8CD24BE9C72A26E9 /* Debug */ = {
			isa = XCBuildConfiguration;
			buildSettings = {
				ASSETCATALOG_COMPILER_APPICON_NAME = AppIcon;
				INFOPLIST_FILE = 3.2/Info.plist;
				LD_RUNPATH_SEARCH_PATHS = "$(inherited) @executable_path/Frameworks";
				PRODUCT_BUNDLE_IDENTIFIER = "com.ziheng.3-2";
				PRODUCT_NAME = "$(TARGET_NAME)";
				TARGETED_DEVICE_FAMILY = "1,2";
			};
			name = Debug;
		};
		6FD1C8242661676727836007 /* Debug */ = {
			isa = XCBuildConfiguration;
			buildSettings = {
				ALWAYS_SEARCH_USER_PATHS = NO;
				CLANG_ANALYZER_NONNULL = YES;
				CLANG_ANALYZER_NUMBER_OBJECT_CONVERSION = YES_AGGRESSIVE;
				CLANG_CXX_LANGUAGE_STANDARD = "gnu++14";
				CLANG_CXX_LIBRARY = "libc++";
				CLANG_ENABLE_MODULES = YES;
				CLANG_ENABLE_OBJC_ARC = YES;
				CLANG_ENABLE_OBJC_WEAK = YES;
				CLANG_WARN_BLOCK_CAPTURE_AUTORELEASING = YES;
				CLANG_WARN_BOOL_CONVERSION = YES;
				CLANG_WARN_COMMA = YES;
				CLANG_WARN_CONSTANT_CONVERSION = YES;
				CLANG_WARN_DEPRECATED_OBJC_IMPLEMENTATIONS = YES;
				CLANG_WARN_DIRECT_OBJC_ISA_USAGE = YES_ERROR;
				CLANG_WARN_DOCUMENTATION_COMMENTS = YES;
				CLANG_WARN_EMPTY_BODY = YES;
				CLANG_WARN_ENUM_CONVERSION = YES;
				CLANG_WARN_INFINITE_RECURSION = YES;
				CLANG_WARN_INT_CONVERSION = YES;
				CLANG_WARN_NON_LITERAL_NULL_CONVERSION = YES;
				CLANG_WARN_OBJC_IMPLICIT_RETAIN_SELF = YES;
				CLANG_WARN_OBJC_LITERAL_CONVERSION = YES;
				CLANG_WARN_OBJC_ROOT_CLASS = YES_ERROR;
				CLANG_WARN_RANGE_LOOP_ANALYSIS = YES;
				CLANG_WARN_STRICT_PROTOTYPES = YES;
				CLANG_WARN_SUSPICIOUS_MOVE = YES;
				CLANG_WARN_UNGUARDED_AVAILABILITY = YES_AGGRESSIVE;
				CLANG_WARN_UNREACHABLE_CODE = YES;
				CLANG_WARN__DUPLICATE_METHOD_MATCH = YES;
				CODE_SIGN_IDENTITY = "iPhone Developer";
				COPY_PHASE_STRIP = NO;
				DEBUG_INFORMATION_FORMAT = dwarf;
				ENABLE_STRICT_OBJC_MSGSEND = YES;
				ENABLE_TESTABILITY = YES;
				GCC_C_LANGUAGE_STANDARD = gnu11;
				GCC_DYNAMIC_NO_PIC = NO;
				GCC_NO_COMMON_BLOCKS = YES;
				GCC_OPTIMIZATION_LEVEL = 0;
				GCC_PREPROCESSOR_DEFINITIONS = (
					"DEBUG=1",
					"$(inherited)",
				);
				GCC_WARN_64_TO_32_BIT_CONVERSION = YES;
				GCC_WARN_ABOUT_RETURN_TYPE = YES_ERROR;
				GCC_WARN_UNDECLARED_SELECTOR = YES;
				GCC_WARN_UNINITIALIZED_AUTOS = YES_AGGRESSIVE;
				GCC_WARN_UNUSED_FUNCTION = YES;
				GCC_WARN_UNUSED_VARIABLE = YES;
				IPHONEOS_DEPLOYMENT_TARGET = 11.4;
				MTL_ENABLE_DEBUG_INFO = YES;
				ONLY_ACTIVE_ARCH = YES;
				SDKROOT = iphoneos;
			};
			name = Debug;
		};
/* End XCBuildConfiguration section */

/* Begin XCConfigurationList section */
		6FD1C5D1C65D46070FB37DED /* Build configuration list for PBXNativeTarget "3.2" */ = {
			isa = XCConfigurationList;
			buildConfigurations = (
				6FD1C79C8CD24BE9C72A26E9 /* Debug */,
				6FD1C14B87EFCBC7DD16789F /* Release */,
			);
			defaultConfigurationIsVisible = 0;
		};
		6FD1C8730731A3515E0BF033 /* Build configuration list for PBXProject "3.2" */ = {
			isa = XCConfigurationList;
			buildConfigurations = (
				6FD1C8242661676727836007 /* Debug */,
				6FD1C5A1B974C26CE173CE47 /* Release */,
			);
			defaultConfigurationIsVisible = 0;
			defaultConfigurationName = Release;
		};
/* End XCConfigurationList section */
	};
	rootObject = 6FD1C3ABEB554C172E7D5E90 /* Project object */;
}
