// !$*UTF8*$!
{
	archiveVersion = 1;
	classes = {
	};
	objectVersion = 46;
	objects = {

/* Begin PBXBuildFile section */
		6FD1C3D1AEF2C178B31CF3F4 /* AppDelegate.m in Sources */ = {isa = PBXBuildFile; fileRef = 6FD1CAAB1732905C2767E10E /* AppDelegate.m */; };
		6FD1C4ABACA5E5E8F228F7FE /* LaunchScreen.storyboard in Resources */ = {isa = PBXBuildFile; fileRef = 6FD1C81A5D887AB05FC25F88 /* LaunchScreen.storyboard */; };
		6FD1C4D33D4C218ED22AAC33 /* main.m in Sources */ = {isa = PBXBuildFile; fileRef = 6FD1C176676ABF14A38F6995 /* main.m */; };
		6FD1CBBFD5EFCDC283F347A6 /* ViewController.m in Sources */ = {isa = PBXBuildFile; fileRef = 6FD1C14AB8B98E718B17F14B /* ViewController.m */; };
		6FD1CC8220EEA143BB9B293A /* Assets.xcassets in Resources */ = {isa = PBXBuildFile; fileRef = 6FD1C1584A54D245A0797E29 /* Assets.xcassets */; };
		6FD1CFA92B60D71E27D09576 /* Main.storyboard in Resources */ = {isa = PBXBuildFile; fileRef = 6FD1CAA6862D97E2BE3F7126 /* Main.storyboard */; };
/* End PBXBuildFile section */

/* Begin PBXFileReference section */
		6FD1C14AB8B98E718B17F14B /* ViewController.m */ = {isa = PBXFileReference; lastKnownFileType = sourcecode.c.objc; path = ViewController.m; sourceTree = "<group>"; };
		6FD1C1584A54D245A0797E29 /* Assets.xcassets */ = {isa = PBXFileReference; lastKnownFileType = folder.assetcatalog; path = Assets.xcassets; sourceTree = "<group>"; };
		6FD1C176676ABF14A38F6995 /* main.m */ = {isa = PBXFileReference; lastKnownFileType = sourcecode.c.objc; path = main.m; sourceTree = "<group>"; };
		6FD1C1D0A0F5804DB4D821FB /* Pa2revision.app */ = {isa = PBXFileReference; explicitFileType = wrapper.application; includeInIndex = 0; path = Pa2revision.app; sourceTree = BUILT_PRODUCTS_DIR; };
		6FD1C201AFF79494837893BC /* Info.plist */ = {isa = PBXFileReference; lastKnownFileType = text.plist.info; path = Info.plist; sourceTree = "<group>"; };
		6FD1C2C31B8DD30574859CF6 /* Base */ = {isa = PBXFileReference; lastKnownFileType = file.storyboard; name = Base; path = Base.lproj/LaunchScreen.storyboard; sourceTree = "<group>"; };
		6FD1C4EB197CA7C101F7CEAC /* ViewController.h */ = {isa = PBXFileReference; lastKnownFileType = sourcecode.c.h; path = ViewController.h; sourceTree = "<group>"; };
		6FD1C5A07D0E57ED39F3309F /* Base */ = {isa = PBXFileReference; lastKnownFileType = file.storyboard; name = Base; path = Base.lproj/Main.storyboard; sourceTree = "<group>"; };
		6FD1CA9FA8035A76452EBF89 /* AppDelegate.h */ = {isa = PBXFileReference; lastKnownFileType = sourcecode.c.h; path = AppDelegate.h; sourceTree = "<group>"; };
		6FD1CAAB1732905C2767E10E /* AppDelegate.m */ = {isa = PBXFileReference; lastKnownFileType = sourcecode.c.objc; path = AppDelegate.m; sourceTree = "<group>"; };
/* End PBXFileReference section */

/* Begin PBXFrameworksBuildPhase section */
		6FD1CAC4B40098DFEF555FBA /* Frameworks */ = {
			isa = PBXFrameworksBuildPhase;
			buildActionMask = 2147483647;
			files = (
			);
			runOnlyForDeploymentPostprocessing = 0;
		};
/* End PBXFrameworksBuildPhase section */

/* Begin PBXGroup section */
		6FD1C29C637A6C8B528BE52A /* Pa2revision */ = {
			isa = PBXGroup;
			children = (
				6FD1C201AFF79494837893BC /* Info.plist */,
				6FD1C1584A54D245A0797E29 /* Assets.xcassets */,
				6FD1C81A5D887AB05FC25F88 /* LaunchScreen.storyboard */,
				6FD1C176676ABF14A38F6995 /* main.m */,
				6FD1CA9FA8035A76452EBF89 /* AppDelegate.h */,
				6FD1CAAB1732905C2767E10E /* AppDelegate.m */,
				6FD1CAA6862D97E2BE3F7126 /* Main.storyboard */,
				6FD1C4EB197CA7C101F7CEAC /* ViewController.h */,
				6FD1C14AB8B98E718B17F14B /* ViewController.m */,
			);
			path = Pa2revision;
			sourceTree = "<group>";
		};
		6FD1C64261911EB8EED9F217 /* Products */ = {
			isa = PBXGroup;
			children = (
				6FD1C1D0A0F5804DB4D821FB /* Pa2revision.app */,
			);
			name = Products;
			sourceTree = "<group>";
		};
		6FD1CD4378A3C10396EA850B = {
			isa = PBXGroup;
			children = (
				6FD1C64261911EB8EED9F217 /* Products */,
				6FD1C29C637A6C8B528BE52A /* Pa2revision */,
			);
			sourceTree = "<group>";
		};
/* End PBXGroup section */

/* Begin PBXNativeTarget section */
		6FD1C8E37ABEA9E249B0FDEE /* Pa2revision */ = {
			isa = PBXNativeTarget;
			buildConfigurationList = 6FD1CB721626BD2DE62C3D3E /* Build configuration list for PBXNativeTarget "Pa2revision" */;
			buildPhases = (
				6FD1C2D122AD2E016D5EE813 /* Sources */,
				6FD1CAC4B40098DFEF555FBA /* Frameworks */,
				6FD1CF9205E681CB12B978D9 /* Resources */,
			);
			buildRules = (
			);
			dependencies = (
			);
			name = Pa2revision;
			productName = Pa2revision;
			productReference = 6FD1C1D0A0F5804DB4D821FB /* Pa2revision.app */;
			productType = "com.apple.product-type.application";
		};
/* End PBXNativeTarget section */

/* Begin PBXProject section */
		6FD1C6A258F8E7CE427F57F3 /* Project object */ = {
			isa = PBXProject;
			attributes = {
				ORGANIZATIONNAME = ziheng;
			};
			buildConfigurationList = 6FD1CF5E7FAC9AD9D299DE70 /* Build configuration list for PBXProject "Pa2revision" */;
			compatibilityVersion = "Xcode 3.2";
			developmentRegion = English;
			hasScannedForEncodings = 0;
			knownRegions = (
				en,
			);
			mainGroup = 6FD1CD4378A3C10396EA850B;
			productRefGroup = 6FD1C64261911EB8EED9F217 /* Products */;
			projectDirPath = "";
			projectRoot = "";
			targets = (
				6FD1C8E37ABEA9E249B0FDEE /* Pa2revision */,
			);
		};
/* End PBXProject section */

/* Begin PBXResourcesBuildPhase section */
		6FD1CF9205E681CB12B978D9 /* Resources */ = {
			isa = PBXResourcesBuildPhase;
			buildActionMask = 2147483647;
			files = (
				6FD1CC8220EEA143BB9B293A /* Assets.xcassets in Resources */,
				6FD1C4ABACA5E5E8F228F7FE /* LaunchScreen.storyboard in Resources */,
				6FD1CFA92B60D71E27D09576 /* Main.storyboard in Resources */,
			);
			runOnlyForDeploymentPostprocessing = 0;
		};
/* End PBXResourcesBuildPhase section */

/* Begin PBXSourcesBuildPhase section */
		6FD1C2D122AD2E016D5EE813 /* Sources */ = {
			isa = PBXSourcesBuildPhase;
			buildActionMask = 2147483647;
			files = (
				6FD1C4D33D4C218ED22AAC33 /* main.m in Sources */,
				6FD1C3D1AEF2C178B31CF3F4 /* AppDelegate.m in Sources */,
				6FD1CBBFD5EFCDC283F347A6 /* ViewController.m in Sources */,
			);
			runOnlyForDeploymentPostprocessing = 0;
		};
/* End PBXSourcesBuildPhase section */

/* Begin PBXVariantGroup section */
		6FD1C81A5D887AB05FC25F88 /* LaunchScreen.storyboard */ = {
			isa = PBXVariantGroup;
			children = (
				6FD1C2C31B8DD30574859CF6 /* Base */,
			);
			name = LaunchScreen.storyboard;
			sourceTree = "<group>";
		};
		6FD1CAA6862D97E2BE3F7126 /* Main.storyboard */ = {
			isa = PBXVariantGroup;
			children = (
				6FD1C5A07D0E57ED39F3309F /* Base */,
			);
			name = Main.storyboard;
			sourceTree = "<group>";
		};
/* End PBXVariantGroup section */

/* Begin XCBuildConfiguration section */
		6FD1CABADD6A66F761BA942F /* Debug */ = {
			isa = XCBuildConfiguration;
			buildSettings = {
				ALWAYS_SEARCH_USER_PATHS = NO;
				CLANG_ANALYZER_NONNULL = YES;
				CLANG_ANALYZER_NUMBER_OBJECT_CONVERSION = YES_AGGRESSIVE;
				CLANG_CXX_LANGUAGE_STANDARD = "gnu++14";
				CLANG_CXX_LIBRARY = "libc++";
				CLANG_ENABLE_MODULES = YES;
				CLANG_ENABLE_OBJC_ARC = YES;
				CLANG_ENABLE_OBJC_WEAK = YES;
				CLANG_WARN_BLOCK_CAPTURE_AUTORELEASING = YES;
				CLANG_WARN_BOOL_CONVERSION = YES;
				CLANG_WARN_COMMA = YES;
				CLANG_WARN_CONSTANT_CONVERSION = YES;
				CLANG_WARN_DEPRECATED_OBJC_IMPLEMENTATIONS = YES;
				CLANG_WARN_DIRECT_OBJC_ISA_USAGE = YES_ERROR;
				CLANG_WARN_DOCUMENTATION_COMMENTS = YES;
				CLANG_WARN_EMPTY_BODY = YES;
				CLANG_WARN_ENUM_CONVERSION = YES;
				CLANG_WARN_INFINITE_RECURSION = YES;
				CLANG_WARN_INT_CONVERSION = YES;
				CLANG_WARN_NON_LITERAL_NULL_CONVERSION = YES;
				CLANG_WARN_OBJC_IMPLICIT_RETAIN_SELF = YES;
				CLANG_WARN_OBJC_LITERAL_CONVERSION = YES;
				CLANG_WARN_OBJC_ROOT_CLASS = YES_ERROR;
				CLANG_WARN_RANGE_LOOP_ANALYSIS = YES;
				CLANG_WARN_STRICT_PROTOTYPES = YES;
				CLANG_WARN_SUSPICIOUS_MOVE = YES;
				CLANG_WARN_UNGUARDED_AVAILABILITY = YES_AGGRESSIVE;
				CLANG_WARN_UNREACHABLE_CODE = YES;
				CLANG_WARN__DUPLICATE_METHOD_MATCH = YES;
				CODE_SIGN_IDENTITY = "iPhone Developer";
				COPY_PHASE_STRIP = NO;
				DEBUG_INFORMATION_FORMAT = dwarf;
				ENABLE_STRICT_OBJC_MSGSEND = YES;
				ENABLE_TESTABILITY = YES;
				GCC_C_LANGUAGE_STANDARD = gnu11;
				GCC_DYNAMIC_NO_PIC = NO;
				GCC_NO_COMMON_BLOCKS = YES;
				GCC_OPTIMIZATION_LEVEL = 0;
				GCC_PREPROCESSOR_DEFINITIONS = (
					"DEBUG=1",
					"$(inherited)",
				);
				GCC_WARN_64_TO_32_BIT_CONVERSION = YES;
				GCC_WARN_ABOUT_RETURN_TYPE = YES_ERROR;
				GCC_WARN_UNDECLARED_SELECTOR = YES;
				GCC_WARN_UNINITIALIZED_AUTOS = YES_AGGRESSIVE;
				GCC_WARN_UNUSED_FUNCTION = YES;
				GCC_WARN_UNUSED_VARIABLE = YES;
				IPHONEOS_DEPLOYMENT_TARGET = 11.4;
				MTL_ENABLE_DEBUG_INFO = YES;
				ONLY_ACTIVE_ARCH = YES;
				SDKROOT = iphoneos;
			};
			name = Debug;
		};
		6FD1CD3054D2DDD0BE367565 /* Release */ = {
			isa = XCBuildConfiguration;
			buildSettings = {
				ASSETCATALOG_COMPILER_APPICON_NAME = AppIcon;
				INFOPLIST_FILE = Pa2revision/Info.plist;
				LD_RUNPATH_SEARCH_PATHS = "$(inherited) @executable_path/Frameworks";
				PRODUCT_BUNDLE_IDENTIFIER = com.ziheng.Pa2revision;
				PRODUCT_NAME = "$(TARGET_NAME)";
				TARGETED_DEVICE_FAMILY = "1,2";
			};
			name = Release;
		};
		6FD1CF6AF3AB922B44A68E1A /* Debug */ = {
			isa = XCBuildConfiguration;
			buildSettings = {
				ASSETCATALOG_COMPILER_APPICON_NAME = AppIcon;
				INFOPLIST_FILE = Pa2revision/Info.plist;
				LD_RUNPATH_SEARCH_PATHS = "$(inherited) @executable_path/Frameworks";
				PRODUCT_BUNDLE_IDENTIFIER = com.ziheng.Pa2revision;
				PRODUCT_NAME = "$(TARGET_NAME)";
				TARGETED_DEVICE_FAMILY = "1,2";
			};
			name = Debug;
		};
		6FD1CFDD442353AAC3F9E520 /* Release */ = {
			isa = XCBuildConfiguration;
			buildSettings = {
				ALWAYS_SEARCH_USER_PATHS = NO;
				CLANG_ANALYZER_NONNULL = YES;
				CLANG_ANALYZER_NUMBER_OBJECT_CONVERSION = YES_AGGRESSIVE;
				CLANG_CXX_LANGUAGE_STANDARD = "gnu++14";
				CLANG_CXX_LIBRARY = "libc++";
				CLANG_ENABLE_MODULES = YES;
				CLANG_ENABLE_OBJC_ARC = YES;
				CLANG_ENABLE_OBJC_WEAK = YES;
				CLANG_WARN_BLOCK_CAPTURE_AUTORELEASING = YES;
				CLANG_WARN_BOOL_CONVERSION = YES;
				CLANG_WARN_COMMA = YES;
				CLANG_WARN_CONSTANT_CONVERSION = YES;
				CLANG_WARN_DEPRECATED_OBJC_IMPLEMENTATIONS = YES;
				CLANG_WARN_DIRECT_OBJC_ISA_USAGE = YES_ERROR;
				CLANG_WARN_DOCUMENTATION_COMMENTS = YES;
				CLANG_WARN_EMPTY_BODY = YES;
				CLANG_WARN_ENUM_CONVERSION = YES;
				CLANG_WARN_INFINITE_RECURSION = YES;
				CLANG_WARN_INT_CONVERSION = YES;
				CLANG_WARN_NON_LITERAL_NULL_CONVERSION = YES;
				CLANG_WARN_OBJC_IMPLICIT_RETAIN_SELF = YES;
				CLANG_WARN_OBJC_LITERAL_CONVERSION = YES;
				CLANG_WARN_OBJC_ROOT_CLASS = YES_ERROR;
				CLANG_WARN_RANGE_LOOP_ANALYSIS = YES;
				CLANG_WARN_STRICT_PROTOTYPES = YES;
				CLANG_WARN_SUSPICIOUS_MOVE = YES;
				CLANG_WARN_UNGUARDED_AVAILABILITY = YES_AGGRESSIVE;
				CLANG_WARN_UNREACHABLE_CODE = YES;
				CLANG_WARN__DUPLICATE_METHOD_MATCH = YES;
				CODE_SIGN_IDENTITY = "iPhone Developer";
				COPY_PHASE_STRIP = NO;
				DEBUG_INFORMATION_FORMAT = "dwarf-with-dsym";
				ENABLE_NS_ASSERTIONS = NO;
				ENABLE_STRICT_OBJC_MSGSEND = YES;
				GCC_C_LANGUAGE_STANDARD = gnu11;
				GCC_NO_COMMON_BLOCKS = YES;
				GCC_WARN_64_TO_32_BIT_CONVERSION = YES;
				GCC_WARN_ABOUT_RETURN_TYPE = YES_ERROR;
				GCC_WARN_UNDECLARED_SELECTOR = YES;
				GCC_WARN_UNINITIALIZED_AUTOS = YES_AGGRESSIVE;
				GCC_WARN_UNUSED_FUNCTION = YES;
				GCC_WARN_UNUSED_VARIABLE = YES;
				IPHONEOS_DEPLOYMENT_TARGET = 11.4;
				MTL_ENABLE_DEBUG_INFO = NO;
				SDKROOT = iphoneos;
				VALIDATE_PRODUCT = YES;
			};
			name = Release;
		};
/* End XCBuildConfiguration section */

/* Begin XCConfigurationList section */
		6FD1CB721626BD2DE62C3D3E /* Build configuration list for PBXNativeTarget "Pa2revision" */ = {
			isa = XCConfigurationList;
			buildConfigurations = (
				6FD1CF6AF3AB922B44A68E1A /* Debug */,
				6FD1CD3054D2DDD0BE367565 /* Release */,
			);
			defaultConfigurationIsVisible = 0;
		};
		6FD1CF5E7FAC9AD9D299DE70 /* Build configuration list for PBXProject "Pa2revision" */ = {
			isa = XCConfigurationList;
			buildConfigurations = (
				6FD1CABADD6A66F761BA942F /* Debug */,
				6FD1CFDD442353AAC3F9E520 /* Release */,
			);
			defaultConfigurationIsVisible = 0;
			defaultConfigurationName = Release;
		};
/* End XCConfigurationList section */
	};
	rootObject = 6FD1C6A258F8E7CE427F57F3 /* Project object */;
}
