// !$*UTF8*$!
{
	archiveVersion = 1;
	classes = {
	};
	objectVersion = 46;
	objects = {

/* Begin PBXBuildFile section */
		6FD1C134E5B7927AFE062063 /* ViewController.m in Sources */ = {isa = PBXBuildFile; fileRef = 6FD1CD202E409FE4CF424722 /* ViewController.m */; };
		6FD1C17D47BFBFC13A1A0E56 /* main.m in Sources */ = {isa = PBXBuildFile; fileRef = 6FD1CAE2F953C669BCE0ACF0 /* main.m */; };
		6FD1C8E4A55AFF5D82DA43F1 /* Assets.xcassets in Resources */ = {isa = PBXBuildFile; fileRef = 6FD1CD57C2539444C07D40BC /* Assets.xcassets */; };
		6FD1CAF9DB96558898CC690D /* LaunchScreen.storyboard in Resources */ = {isa = PBXBuildFile; fileRef = 6FD1C317461FF5389C7E2A5F /* LaunchScreen.storyboard */; };
		6FD1CB31F30C00B727ADF048 /* Main.storyboard in Resources */ = {isa = PBXBuildFile; fileRef = 6FD1C85B0E0E18EB3C7CD5F0 /* Main.storyboard */; };
		6FD1CDFF6B7F23DB5A57B1E4 /* AppDelegate.m in Sources */ = {isa = PBXBuildFile; fileRef = 6FD1C400124109451ECF3B21 /* AppDelegate.m */; };
/* End PBXBuildFile section */

/* Begin PBXFileReference section */
		6FD1C0377E89A52024F1A3CB /* Info.plist */ = {isa = PBXFileReference; lastKnownFileType = text.plist.info; path = Info.plist; sourceTree = "<group>"; };
		6FD1C400124109451ECF3B21 /* AppDelegate.m */ = {isa = PBXFileReference; lastKnownFileType = sourcecode.c.objc; path = AppDelegate.m; sourceTree = "<group>"; };
		6FD1C437DEFEDE5DF66A50AF /* 3.4.app */ = {isa = PBXFileReference; explicitFileType = wrapper.application; includeInIndex = 0; path = 3.4.app; sourceTree = BUILT_PRODUCTS_DIR; };
		6FD1C5705F0F5A3090427F56 /* Base */ = {isa = PBXFileReference; lastKnownFileType = file.storyboard; name = Base; path = Base.lproj/LaunchScreen.storyboard; sourceTree = "<group>"; };
		6FD1C99BEC5B8E1ABEF03DF5 /* Base */ = {isa = PBXFileReference; lastKnownFileType = file.storyboard; name = Base; path = Base.lproj/Main.storyboard; sourceTree = "<group>"; };
		6FD1CAE2F953C669BCE0ACF0 /* main.m */ = {isa = PBXFileReference; lastKnownFileType = sourcecode.c.objc; path = main.m; sourceTree = "<group>"; };
		6FD1CD202E409FE4CF424722 /* ViewController.m */ = {isa = PBXFileReference; lastKnownFileType = sourcecode.c.objc; path = ViewController.m; sourceTree = "<group>"; };
		6FD1CD5321F37B1DCEC8842C /* AppDelegate.h */ = {isa = PBXFileReference; lastKnownFileType = sourcecode.c.h; path = AppDelegate.h; sourceTree = "<group>"; };
		6FD1CD57C2539444C07D40BC /* Assets.xcassets */ = {isa = PBXFileReference; lastKnownFileType = folder.assetcatalog; path = Assets.xcassets; sourceTree = "<group>"; };
		6FD1CF3B8B1410760B2DF50B /* ViewController.h */ = {isa = PBXFileReference; lastKnownFileType = sourcecode.c.h; path = ViewController.h; sourceTree = "<group>"; };
/* End PBXFileReference section */

/* Begin PBXFrameworksBuildPhase section */
		6FD1C53ED164196415978220 /* Frameworks */ = {
			isa = PBXFrameworksBuildPhase;
			buildActionMask = 2147483647;
			files = (
			);
			runOnlyForDeploymentPostprocessing = 0;
		};
/* End PBXFrameworksBuildPhase section */

/* Begin PBXGroup section */
		6FD1C113B6F467C83E140D60 /* Products */ = {
			isa = PBXGroup;
			children = (
				6FD1C437DEFEDE5DF66A50AF /* 3.4.app */,
			);
			name = Products;
			sourceTree = "<group>";
		};
		6FD1C9FB18C9F99850C38689 /* 3.4 */ = {
			isa = PBXGroup;
			children = (
				6FD1C0377E89A52024F1A3CB /* Info.plist */,
				6FD1CD57C2539444C07D40BC /* Assets.xcassets */,
				6FD1C317461FF5389C7E2A5F /* LaunchScreen.storyboard */,
				6FD1CAE2F953C669BCE0ACF0 /* main.m */,
				6FD1CD5321F37B1DCEC8842C /* AppDelegate.h */,
				6FD1C400124109451ECF3B21 /* AppDelegate.m */,
				6FD1C85B0E0E18EB3C7CD5F0 /* Main.storyboard */,
				6FD1CF3B8B1410760B2DF50B /* ViewController.h */,
				6FD1CD202E409FE4CF424722 /* ViewController.m */,
			);
			path = 3.4;
			sourceTree = "<group>";
		};
		6FD1CA1486DB7233D9724684 = {
			isa = PBXGroup;
			children = (
				6FD1C113B6F467C83E140D60 /* Products */,
				6FD1C9FB18C9F99850C38689 /* 3.4 */,
			);
			sourceTree = "<group>";
		};
/* End PBXGroup section */

/* Begin PBXNativeTarget section */
		6FD1C81B7811C553C24A5CFE /* 3.4 */ = {
			isa = PBXNativeTarget;
			buildConfigurationList = 6FD1C06183AABEF10E722B65 /* Build configuration list for PBXNativeTarget "3.4" */;
			buildPhases = (
				6FD1C99DF6112B0B5476CD60 /* Sources */,
				6FD1C53ED164196415978220 /* Frameworks */,
				6FD1CEBA158F636C2FBEE09C /* Resources */,
			);
			buildRules = (
			);
			dependencies = (
			);
			name = 3.4;
			productName = 3.4;
			productReference = 6FD1C437DEFEDE5DF66A50AF /* 3.4.app */;
			productType = "com.apple.product-type.application";
		};
/* End PBXNativeTarget section */

/* Begin PBXProject section */
		6FD1C25909B2B39E95FA40D9 /* Project object */ = {
			isa = PBXProject;
			attributes = {
				ORGANIZATIONNAME = ziheng;
			};
			buildConfigurationList = 6FD1C9A69A35F81E00D5C7B5 /* Build configuration list for PBXProject "3.4" */;
			compatibilityVersion = "Xcode 3.2";
			developmentRegion = English;
			hasScannedForEncodings = 0;
			knownRegions = (
				en,
			);
			mainGroup = 6FD1CA1486DB7233D9724684;
			productRefGroup = 6FD1C113B6F467C83E140D60 /* Products */;
			projectDirPath = "";
			projectRoot = "";
			targets = (
				6FD1C81B7811C553C24A5CFE /* 3.4 */,
			);
		};
/* End PBXProject section */

/* Begin PBXResourcesBuildPhase section */
		6FD1CEBA158F636C2FBEE09C /* Resources */ = {
			isa = PBXResourcesBuildPhase;
			buildActionMask = 2147483647;
			files = (
				6FD1C8E4A55AFF5D82DA43F1 /* Assets.xcassets in Resources */,
				6FD1CAF9DB96558898CC690D /* LaunchScreen.storyboard in Resources */,
				6FD1CB31F30C00B727ADF048 /* Main.storyboard in Resources */,
			);
			runOnlyForDeploymentPostprocessing = 0;
		};
/* End PBXResourcesBuildPhase section */

/* Begin PBXSourcesBuildPhase section */
		6FD1C99DF6112B0B5476CD60 /* Sources */ = {
			isa = PBXSourcesBuildPhase;
			buildActionMask = 2147483647;
			files = (
				6FD1C17D47BFBFC13A1A0E56 /* main.m in Sources */,
				6FD1CDFF6B7F23DB5A57B1E4 /* AppDelegate.m in Sources */,
				6FD1C134E5B7927AFE062063 /* ViewController.m in Sources */,
			);
			runOnlyForDeploymentPostprocessing = 0;
		};
/* End PBXSourcesBuildPhase section */

/* Begin PBXVariantGroup section */
		6FD1C317461FF5389C7E2A5F /* LaunchScreen.storyboard */ = {
			isa = PBXVariantGroup;
			children = (
				6FD1C5705F0F5A3090427F56 /* Base */,
			);
			name = LaunchScreen.storyboard;
			sourceTree = "<group>";
		};
		6FD1C85B0E0E18EB3C7CD5F0 /* Main.storyboard */ = {
			isa = PBXVariantGroup;
			children = (
				6FD1C99BEC5B8E1ABEF03DF5 /* Base */,
			);
			name = Main.storyboard;
			sourceTree = "<group>";
		};
/* End PBXVariantGroup section */

/* Begin XCBuildConfiguration section */
		6FD1C5197F5987B5A72585ED /* Release */ = {
			isa = XCBuildConfiguration;
			buildSettings = {
				ALWAYS_SEARCH_USER_PATHS = NO;
				CLANG_ANALYZER_NONNULL = YES;
				CLANG_ANALYZER_NUMBER_OBJECT_CONVERSION = YES_AGGRESSIVE;
				CLANG_CXX_LANGUAGE_STANDARD = "gnu++14";
				CLANG_CXX_LIBRARY = "libc++";
				CLANG_ENABLE_MODULES = YES;
				CLANG_ENABLE_OBJC_ARC = YES;
				CLANG_ENABLE_OBJC_WEAK = YES;
				CLANG_WARN_BLOCK_CAPTURE_AUTORELEASING = YES;
				CLANG_WARN_BOOL_CONVERSION = YES;
				CLANG_WARN_COMMA = YES;
				CLANG_WARN_CONSTANT_CONVERSION = YES;
				CLANG_WARN_DEPRECATED_OBJC_IMPLEMENTATIONS = YES;
				CLANG_WARN_DIRECT_OBJC_ISA_USAGE = YES_ERROR;
				CLANG_WARN_DOCUMENTATION_COMMENTS = YES;
				CLANG_WARN_EMPTY_BODY = YES;
				CLANG_WARN_ENUM_CONVERSION = YES;
				CLANG_WARN_INFINITE_RECURSION = YES;
				CLANG_WARN_INT_CONVERSION = YES;
				CLANG_WARN_NON_LITERAL_NULL_CONVERSION = YES;
				CLANG_WARN_OBJC_IMPLICIT_RETAIN_SELF = YES;
				CLANG_WARN_OBJC_LITERAL_CONVERSION = YES;
				CLANG_WARN_OBJC_ROOT_CLASS = YES_ERROR;
				CLANG_WARN_RANGE_LOOP_ANALYSIS = YES;
				CLANG_WARN_STRICT_PROTOTYPES = YES;
				CLANG_WARN_SUSPICIOUS_MOVE = YES;
				CLANG_WARN_UNGUARDED_AVAILABILITY = YES_AGGRESSIVE;
				CLANG_WARN_UNREACHABLE_CODE = YES;
				CLANG_WARN__DUPLICATE_METHOD_MATCH = YES;
				CODE_SIGN_IDENTITY = "iPhone Developer";
				COPY_PHASE_STRIP = NO;
				DEBUG_INFORMATION_FORMAT = "dwarf-with-dsym";
				ENABLE_NS_ASSERTIONS = NO;
				ENABLE_STRICT_OBJC_MSGSEND = YES;
				GCC_C_LANGUAGE_STANDARD = gnu11;
				GCC_NO_COMMON_BLOCKS = YES;
				GCC_WARN_64_TO_32_BIT_CONVERSION = YES;
				GCC_WARN_ABOUT_RETURN_TYPE = YES_ERROR;
				GCC_WARN_UNDECLARED_SELECTOR = YES;
				GCC_WARN_UNINITIALIZED_AUTOS = YES_AGGRESSIVE;
				GCC_WARN_UNUSED_FUNCTION = YES;
				GCC_WARN_UNUSED_VARIABLE = YES;
				IPHONEOS_DEPLOYMENT_TARGET = 11.4;
				MTL_ENABLE_DEBUG_INFO = NO;
				SDKROOT = iphoneos;
				VALIDATE_PRODUCT = YES;
			};
			name = Release;
		};
		6FD1C543878ECB7FB24EF052 /* Debug */ = {
			isa = XCBuildConfiguration;
			buildSettings = {
				ASSETCATALOG_COMPILER_APPICON_NAME = AppIcon;
				INFOPLIST_FILE = 3.4/Info.plist;
				LD_RUNPATH_SEARCH_PATHS = "$(inherited) @executable_path/Frameworks";
				PRODUCT_BUNDLE_IDENTIFIER = "com.ziheng.3-4";
				PRODUCT_NAME = "$(TARGET_NAME)";
				TARGETED_DEVICE_FAMILY = "1,2";
			};
			name = Debug;
		};
		6FD1C5934E3D4D20AA3EB867 /* Debug */ = {
			isa = XCBuildConfiguration;
			buildSettings = {
				ALWAYS_SEARCH_USER_PATHS = NO;
				CLANG_ANALYZER_NONNULL = YES;
				CLANG_ANALYZER_NUMBER_OBJECT_CONVERSION = YES_AGGRESSIVE;
				CLANG_CXX_LANGUAGE_STANDARD = "gnu++14";
				CLANG_CXX_LIBRARY = "libc++";
				CLANG_ENABLE_MODULES = YES;
				CLANG_ENABLE_OBJC_ARC = YES;
				CLANG_ENABLE_OBJC_WEAK = YES;
				CLANG_WARN_BLOCK_CAPTURE_AUTORELEASING = YES;
				CLANG_WARN_BOOL_CONVERSION = YES;
				CLANG_WARN_COMMA = YES;
				CLANG_WARN_CONSTANT_CONVERSION = YES;
				CLANG_WARN_DEPRECATED_OBJC_IMPLEMENTATIONS = YES;
				CLANG_WARN_DIRECT_OBJC_ISA_USAGE = YES_ERROR;
				CLANG_WARN_DOCUMENTATION_COMMENTS = YES;
				CLANG_WARN_EMPTY_BODY = YES;
				CLANG_WARN_ENUM_CONVERSION = YES;
				CLANG_WARN_INFINITE_RECURSION = YES;
				CLANG_WARN_INT_CONVERSION = YES;
				CLANG_WARN_NON_LITERAL_NULL_CONVERSION = YES;
				CLANG_WARN_OBJC_IMPLICIT_RETAIN_SELF = YES;
				CLANG_WARN_OBJC_LITERAL_CONVERSION = YES;
				CLANG_WARN_OBJC_ROOT_CLASS = YES_ERROR;
				CLANG_WARN_RANGE_LOOP_ANALYSIS = YES;
				CLANG_WARN_STRICT_PROTOTYPES = YES;
				CLANG_WARN_SUSPICIOUS_MOVE = YES;
				CLANG_WARN_UNGUARDED_AVAILABILITY = YES_AGGRESSIVE;
				CLANG_WARN_UNREACHABLE_CODE = YES;
				CLANG_WARN__DUPLICATE_METHOD_MATCH = YES;
				CODE_SIGN_IDENTITY = "iPhone Developer";
				COPY_PHASE_STRIP = NO;
				DEBUG_INFORMATION_FORMAT = dwarf;
				ENABLE_STRICT_OBJC_MSGSEND = YES;
				ENABLE_TESTABILITY = YES;
				GCC_C_LANGUAGE_STANDARD = gnu11;
				GCC_DYNAMIC_NO_PIC = NO;
				GCC_NO_COMMON_BLOCKS = YES;
				GCC_OPTIMIZATION_LEVEL = 0;
				GCC_PREPROCESSOR_DEFINITIONS = (
					"DEBUG=1",
					"$(inherited)",
				);
				GCC_WARN_64_TO_32_BIT_CONVERSION = YES;
				GCC_WARN_ABOUT_RETURN_TYPE = YES_ERROR;
				GCC_WARN_UNDECLARED_SELECTOR = YES;
				GCC_WARN_UNINITIALIZED_AUTOS = YES_AGGRESSIVE;
				GCC_WARN_UNUSED_FUNCTION = YES;
				GCC_WARN_UNUSED_VARIABLE = YES;
				IPHONEOS_DEPLOYMENT_TARGET = 11.4;
				MTL_ENABLE_DEBUG_INFO = YES;
				ONLY_ACTIVE_ARCH = YES;
				SDKROOT = iphoneos;
			};
			name = Debug;
		};
		6FD1C8D065C34C0420F65DB8 /* Release */ = {
			isa = XCBuildConfiguration;
			buildSettings = {
				ASSETCATALOG_COMPILER_APPICON_NAME = AppIcon;
				INFOPLIST_FILE = 3.4/Info.plist;
				LD_RUNPATH_SEARCH_PATHS = "$(inherited) @executable_path/Frameworks";
				PRODUCT_BUNDLE_IDENTIFIER = "com.ziheng.3-4";
				PRODUCT_NAME = "$(TARGET_NAME)";
				TARGETED_DEVICE_FAMILY = "1,2";
			};
			name = Release;
		};
/* End XCBuildConfiguration section */

/* Begin XCConfigurationList section */
		6FD1C06183AABEF10E722B65 /* Build configuration list for PBXNativeTarget "3.4" */ = {
			isa = XCConfigurationList;
			buildConfigurations = (
				6FD1C543878ECB7FB24EF052 /* Debug */,
				6FD1C8D065C34C0420F65DB8 /* Release */,
			);
			defaultConfigurationIsVisible = 0;
		};
		6FD1C9A69A35F81E00D5C7B5 /* Build configuration list for PBXProject "3.4" */ = {
			isa = XCConfigurationList;
			buildConfigurations = (
				6FD1C5934E3D4D20AA3EB867 /* Debug */,
				6FD1C5197F5987B5A72585ED /* Release */,
			);
			defaultConfigurationIsVisible = 0;
			defaultConfigurationName = Release;
		};
/* End XCConfigurationList section */
	};
	rootObject = 6FD1C25909B2B39E95FA40D9 /* Project object */;
}
